
Microsoft Visual Studio Solution File, Format Version 12.00
# Visual Studio Version 16
VisualStudioVersion = 16.0.29418.71
MinimumVisualStudioVersion = 10.0.40219.1
Project("{FAE04EC0-301F-11D3-BF4B-00C04F79EFBC}") = "WpfAppGitHub1", "WpfAppGit1\WpfAppGitHub1.csproj", "{F8565E63-09C2-4693-AE10-816CB1C80C7E}"
EndProject
Global
	GlobalSection(SolutionConfigurationPlatforms) = preSolution
		Debug|Any CPU = Debug|Any CPU
		Release|Any CPU = Release|Any CPU
	EndGlobalSection
	GlobalSection(ProjectConfigurationPlatforms) = postSolution
		{F8565E63-09C2-4693-AE10-816CB1C80C7E}.Debug|Any CPU.ActiveCfg = Debug|Any CPU
		{F8565E63-09C2-4693-AE10-816CB1C80C7E}.Debug|Any CPU.Build.0 = Debug|Any CPU
		{F8565E63-09C2-4693-AE10-816CB1C80C7E}.Release|Any CPU.ActiveCfg = Release|Any CPU
		{F8565E63-09C2-4693-AE10-816CB1C80C7E}.Release|Any CPU.Build.0 = Release|Any CPU
	EndGlobalSection
	GlobalSection(SolutionProperties) = preSolution
		HideSolutionNode = FALSE
	EndGlobalSection
	GlobalSection(ExtensibilityGlobals) = postSolution
		SolutionGuid = {EA03BC09-7CEF-4D35-A333-78332DD602DD}
	EndGlobalSection
EndGlobal
